{
  "name": "exercises",
  "lockfileVersion": 3,
  "requires": true,
  "packages": {
    "": {
      "dependencies": {
        "lit-html": "^3.3.2"
      }
    },
    "node_modules/@types/trusted-types": {
      "version": "2.0.7",
      "resolved": "https://registry.npmjs.org/@types/trusted-types/-/trusted-types-2.0.7.tgz",
      "integrity": "sha512-ScaPdn1dQczgbl0QFTeTOmVHFULt394XJgOQNoyVhZ6r2vLnMLJfBPd53SB52T/3G36VI1/g2MZaX0cwDuXsfw=="
    },
    "node_modules/lit-html": {
      "version": "3.3.2",
      "resolved": "https://registry.npmjs.org/lit-html/-/lit-html-3.3.2.tgz",
      "integrity": "sha512-Qy9hU88zcmaxBXcc10ZpdK7cOLXvXpRoBxERdtqV9QOrfpMZZ6pSYP91LhpPtap3sFMUiL7Tw2RImbe0Al2/kw==",
      "dependencies": {
        "@types/trusted-types": "^2.0.2"
      }
    }
  }
}
